
Microsoft Visual Studio Solution File, Format Version 12.00
# Visual Studio Version 17
VisualStudioVersion = 17.7.34031.279
MinimumVisualStudioVersion = 10.0.40219.1
Project("{9A19103F-16F7-4668-BE54-9A1E7A4F7556}") = "TestProject1", "TestProject1\TestProject1.csproj", "{81A22069-2D95-4970-9557-2F1CE441D484}"
EndProject
Project("{9A19103F-16F7-4668-BE54-9A1E7A4F7556}") = "ClassLibrary1", "ClassLibrary1\ClassLibrary1.csproj", "{B1C3DEDC-4C89-444D-B032-C3B47ACD2557}"
EndProject
Project("{9A19103F-16F7-4668-BE54-9A1E7A4F7556}") = "ClassLibrary2", "ClassLibrary2\ClassLibrary2.csproj", "{CA3F9621-28E1-4B7D-B66D-FCBAA79DDEF1}"
EndProject
Project("{2150E333-8FDC-42A3-9474-1A3956D46DE8}") = "Solution Items", "Solution Items", "{6FE42219-CF59-4B60-88E6-0CF67A552CFE}"
	ProjectSection(SolutionItems) = preProject
		coverage.runsettings.xml = coverage.runsettings.xml
		LICENSE.txt = LICENSE.txt
		ms.runsettings.xml = ms.runsettings.xml
		README.md = README.md
	EndProjectSection
EndProject
Project("{2150E333-8FDC-42A3-9474-1A3956D46DE8}") = ".github", ".github", "{75BE19BE-34FD-4A87-A39B-F9840B68C108}"
EndProject
Project("{2150E333-8FDC-42A3-9474-1A3956D46DE8}") = "workflows", "workflows", "{65502860-6EED-4971-86AA-ABC86AEC5DCA}"
	ProjectSection(SolutionItems) = preProject
		.github\workflows\main.yml = .github\workflows\main.yml
	EndProjectSection
EndProject
Global
	GlobalSection(SolutionConfigurationPlatforms) = preSolution
		Debug|Any CPU = Debug|Any CPU
		Release|Any CPU = Release|Any CPU
	EndGlobalSection
	GlobalSection(ProjectConfigurationPlatforms) = postSolution
		{81A22069-2D95-4970-9557-2F1CE441D484}.Debug|Any CPU.ActiveCfg = Debug|Any CPU
		{81A22069-2D95-4970-9557-2F1CE441D484}.Debug|Any CPU.Build.0 = Debug|Any CPU
		{81A22069-2D95-4970-9557-2F1CE441D484}.Release|Any CPU.ActiveCfg = Release|Any CPU
		{81A22069-2D95-4970-9557-2F1CE441D484}.Release|Any CPU.Build.0 = Release|Any CPU
		{B1C3DEDC-4C89-444D-B032-C3B47ACD2557}.Debug|Any CPU.ActiveCfg = Debug|Any CPU
		{B1C3DEDC-4C89-444D-B032-C3B47ACD2557}.Debug|Any CPU.Build.0 = Debug|Any CPU
		{B1C3DEDC-4C89-444D-B032-C3B47ACD2557}.Release|Any CPU.ActiveCfg = Release|Any CPU
		{B1C3DEDC-4C89-444D-B032-C3B47ACD2557}.Release|Any CPU.Build.0 = Release|Any CPU
		{CA3F9621-28E1-4B7D-B66D-FCBAA79DDEF1}.Debug|Any CPU.ActiveCfg = Debug|Any CPU
		{CA3F9621-28E1-4B7D-B66D-FCBAA79DDEF1}.Debug|Any CPU.Build.0 = Debug|Any CPU
		{CA3F9621-28E1-4B7D-B66D-FCBAA79DDEF1}.Release|Any CPU.ActiveCfg = Release|Any CPU
		{CA3F9621-28E1-4B7D-B66D-FCBAA79DDEF1}.Release|Any CPU.Build.0 = Release|Any CPU
	EndGlobalSection
	GlobalSection(SolutionProperties) = preSolution
		HideSolutionNode = FALSE
	EndGlobalSection
	GlobalSection(NestedProjects) = preSolution
		{65502860-6EED-4971-86AA-ABC86AEC5DCA} = {75BE19BE-34FD-4A87-A39B-F9840B68C108}
	EndGlobalSection
	GlobalSection(ExtensibilityGlobals) = postSolution
		SolutionGuid = {04B80E69-B995-4158-8550-775F648A6A3B}
	EndGlobalSection
EndGlobal
